
Microsoft Visual Studio Solution File, Format Version 12.00
# Visual Studio Version 16
VisualStudioVersion = 16.0.31624.102
MinimumVisualStudioVersion = 10.0.40219.1
Project("{FAE04EC0-301F-11D3-BF4B-00C04F79EFBC}") = "IOThingy", "IOThingy\IOThingy.csproj", "{50147901-5FC5-414A-BA6B-32B32219B532}"
EndProject
Global
	GlobalSection(SolutionConfigurationPlatforms) = preSolution
		Debug|Any CPU = Debug|Any CPU
		Release|Any CPU = Release|Any CPU
	EndGlobalSection
	GlobalSection(ProjectConfigurationPlatforms) = postSolution
		{50147901-5FC5-414A-BA6B-32B32219B532}.Debug|Any CPU.ActiveCfg = Debug|Any CPU
		{50147901-5FC5-414A-BA6B-32B32219B532}.Debug|Any CPU.Build.0 = Debug|Any CPU
		{50147901-5FC5-414A-BA6B-32B32219B532}.Release|Any CPU.ActiveCfg = Release|Any CPU
		{50147901-5FC5-414A-BA6B-32B32219B532}.Release|Any CPU.Build.0 = Release|Any CPU
	EndGlobalSection
	GlobalSection(SolutionProperties) = preSolution
		HideSolutionNode = FALSE
	EndGlobalSection
	GlobalSection(ExtensibilityGlobals) = postSolution
		SolutionGuid = {5544DFA0-75B7-41A5-B604-7682BF6971A2}
	EndGlobalSection
EndGlobal
